<Solution>
  <Project Path="src/AzurPilot.Core/AzurPilot.Core.csproj" />
  <Project Path="src/AzurPilot.Windows/AzurPilot.Windows.csproj" />
  <Project Path="src/AzurPilot.App/AzurPilot.App.csproj" />
  <Project Path="tests/AzurPilot.Tests/AzurPilot.Tests.csproj" />
  <!-- Проба для негативной проверки interop boundary: запускается тестом из каталога, где native
       библиотеки заведомо нет. Не является boundary приложения и не поставляется. -->
  <Project Path="tests/AzurPilot.NativeAbsenceProbe/AzurPilot.NativeAbsenceProbe.csproj" />
  <!-- Инструмент реальной приёмки MuMu на установленной Windows-машине: использует production
       IMuMuHost и MuMuLifecycleService, ничего не добавляет в AzurPilot.App и в hosted CI не
       запускается. Не является boundary приложения и не поставляется. -->
  <Project Path="tests/AzurPilot.MuMuAcceptance/AzurPilot.MuMuAcceptance.csproj" />
  <!-- Инструмент реальной приёмки Android-слоя (ADB readiness и lifecycle игры Azur Lane Global/EN) на
       установленной Windows-машине: использует production-контракты AzurPilot.Core и платформенные
       реализации AzurPilot.Windows, ничего не добавляет в AzurPilot.App и в hosted CI не запускается.
       Не является boundary приложения и не поставляется. -->
  <Project Path="tests/AzurPilot.AndroidAcceptance/AzurPilot.AndroidAcceptance.csproj" />
</Solution>
